
Microsoft Visual Studio Solution File, Format Version 12.00
# Visual Studio 14
VisualStudioVersion = 14.0.25420.1
MinimumVisualStudioVersion = 10.0.40219.1
Project("{FAE04EC0-301F-11D3-BF4B-00C04F79EFBC}") = "NoticiasF1", "NoticiasF1\NoticiasF1.csproj", "{51CAED3D-566A-41FD-9988-4B6168CFA0DE}"
EndProject
Project("{FAE04EC0-301F-11D3-BF4B-00C04F79EFBC}") = "F1WebCrawler", "F1WebCrawler\F1WebCrawler.csproj", "{ABD58FC0-054A-4947-B0B6-3796A548FE56}"
EndProject
Project("{FAE04EC0-301F-11D3-BF4B-00C04F79EFBC}") = "CrawlerConsole", "CrawlerConsole\CrawlerConsole.csproj", "{9F132BB4-FB14-4C24-BB16-2BA2FF6CAB86}"
EndProject
Global
	GlobalSection(SolutionConfigurationPlatforms) = preSolution
		Debug|Any CPU = Debug|Any CPU
		Debug|ARM = Debug|ARM
		Debug|x64 = Debug|x64
		Debug|x86 = Debug|x86
		Release|Any CPU = Release|Any CPU
		Release|ARM = Release|ARM
		Release|x64 = Release|x64
		Release|x86 = Release|x86
	EndGlobalSection
	GlobalSection(ProjectConfigurationPlatforms) = postSolution
		{51CAED3D-566A-41FD-9988-4B6168CFA0DE}.Debug|Any CPU.ActiveCfg = Debug|x86
		{51CAED3D-566A-41FD-9988-4B6168CFA0DE}.Debug|ARM.ActiveCfg = Debug|ARM
		{51CAED3D-566A-41FD-9988-4B6168CFA0DE}.Debug|ARM.Build.0 = Debug|ARM
		{51CAED3D-566A-41FD-9988-4B6168CFA0DE}.Debug|ARM.Deploy.0 = Debug|ARM
		{51CAED3D-566A-41FD-9988-4B6168CFA0DE}.Debug|x64.ActiveCfg = Debug|x64
		{51CAED3D-566A-41FD-9988-4B6168CFA0DE}.Debug|x64.Build.0 = Debug|x64
		{51CAED3D-566A-41FD-9988-4B6168CFA0DE}.Debug|x64.Deploy.0 = Debug|x64
		{51CAED3D-566A-41FD-9988-4B6168CFA0DE}.Debug|x86.ActiveCfg = Debug|x86
		{51CAED3D-566A-41FD-9988-4B6168CFA0DE}.Debug|x86.Build.0 = Debug|x86
		{51CAED3D-566A-41FD-9988-4B6168CFA0DE}.Debug|x86.Deploy.0 = Debug|x86
		{51CAED3D-566A-41FD-9988-4B6168CFA0DE}.Release|Any CPU.ActiveCfg = Release|x86
		{51CAED3D-566A-41FD-9988-4B6168CFA0DE}.Release|ARM.ActiveCfg = Release|ARM
		{51CAED3D-566A-41FD-9988-4B6168CFA0DE}.Release|ARM.Build.0 = Release|ARM
		{51CAED3D-566A-41FD-9988-4B6168CFA0DE}.Release|ARM.Deploy.0 = Release|ARM
		{51CAED3D-566A-41FD-9988-4B6168CFA0DE}.Release|x64.ActiveCfg = Release|x64
		{51CAED3D-566A-41FD-9988-4B6168CFA0DE}.Release|x64.Build.0 = Release|x64
		{51CAED3D-566A-41FD-9988-4B6168CFA0DE}.Release|x64.Deploy.0 = Release|x64
		{51CAED3D-566A-41FD-9988-4B6168CFA0DE}.Release|x86.ActiveCfg = Release|x86
		{51CAED3D-566A-41FD-9988-4B6168CFA0DE}.Release|x86.Build.0 = Release|x86
		{51CAED3D-566A-41FD-9988-4B6168CFA0DE}.Release|x86.Deploy.0 = Release|x86
		{ABD58FC0-054A-4947-B0B6-3796A548FE56}.Debug|Any CPU.ActiveCfg = Debug|Any CPU
		{ABD58FC0-054A-4947-B0B6-3796A548FE56}.Debug|Any CPU.Build.0 = Debug|Any CPU
		{ABD58FC0-054A-4947-B0B6-3796A548FE56}.Debug|ARM.ActiveCfg = Debug|Any CPU
		{ABD58FC0-054A-4947-B0B6-3796A548FE56}.Debug|ARM.Build.0 = Debug|Any CPU
		{ABD58FC0-054A-4947-B0B6-3796A548FE56}.Debug|x64.ActiveCfg = Debug|Any CPU
		{ABD58FC0-054A-4947-B0B6-3796A548FE56}.Debug|x64.Build.0 = Debug|Any CPU
		{ABD58FC0-054A-4947-B0B6-3796A548FE56}.Debug|x86.ActiveCfg = Debug|Any CPU
		{ABD58FC0-054A-4947-B0B6-3796A548FE56}.Debug|x86.Build.0 = Debug|Any CPU
		{ABD58FC0-054A-4947-B0B6-3796A548FE56}.Release|Any CPU.ActiveCfg = Release|Any CPU
		{ABD58FC0-054A-4947-B0B6-3796A548FE56}.Release|Any CPU.Build.0 = Release|Any CPU
		{ABD58FC0-054A-4947-B0B6-3796A548FE56}.Release|ARM.ActiveCfg = Release|Any CPU
		{ABD58FC0-054A-4947-B0B6-3796A548FE56}.Release|ARM.Build.0 = Release|Any CPU
		{ABD58FC0-054A-4947-B0B6-3796A548FE56}.Release|x64.ActiveCfg = Release|Any CPU
		{ABD58FC0-054A-4947-B0B6-3796A548FE56}.Release|x64.Build.0 = Release|Any CPU
		{ABD58FC0-054A-4947-B0B6-3796A548FE56}.Release|x86.ActiveCfg = Release|Any CPU
		{ABD58FC0-054A-4947-B0B6-3796A548FE56}.Release|x86.Build.0 = Release|Any CPU
		{9F132BB4-FB14-4C24-BB16-2BA2FF6CAB86}.Debug|Any CPU.ActiveCfg = Debug|Any CPU
		{9F132BB4-FB14-4C24-BB16-2BA2FF6CAB86}.Debug|Any CPU.Build.0 = Debug|Any CPU
		{9F132BB4-FB14-4C24-BB16-2BA2FF6CAB86}.Debug|ARM.ActiveCfg = Debug|Any CPU
		{9F132BB4-FB14-4C24-BB16-2BA2FF6CAB86}.Debug|ARM.Build.0 = Debug|Any CPU
		{9F132BB4-FB14-4C24-BB16-2BA2FF6CAB86}.Debug|x64.ActiveCfg = Debug|Any CPU
		{9F132BB4-FB14-4C24-BB16-2BA2FF6CAB86}.Debug|x64.Build.0 = Debug|Any CPU
		{9F132BB4-FB14-4C24-BB16-2BA2FF6CAB86}.Debug|x86.ActiveCfg = Debug|Any CPU
		{9F132BB4-FB14-4C24-BB16-2BA2FF6CAB86}.Debug|x86.Build.0 = Debug|Any CPU
		{9F132BB4-FB14-4C24-BB16-2BA2FF6CAB86}.Release|Any CPU.ActiveCfg = Release|Any CPU
		{9F132BB4-FB14-4C24-BB16-2BA2FF6CAB86}.Release|Any CPU.Build.0 = Release|Any CPU
		{9F132BB4-FB14-4C24-BB16-2BA2FF6CAB86}.Release|ARM.ActiveCfg = Release|Any CPU
		{9F132BB4-FB14-4C24-BB16-2BA2FF6CAB86}.Release|ARM.Build.0 = Release|Any CPU
		{9F132BB4-FB14-4C24-BB16-2BA2FF6CAB86}.Release|x64.ActiveCfg = Release|Any CPU
		{9F132BB4-FB14-4C24-BB16-2BA2FF6CAB86}.Release|x64.Build.0 = Release|Any CPU
		{9F132BB4-FB14-4C24-BB16-2BA2FF6CAB86}.Release|x86.ActiveCfg = Release|Any CPU
		{9F132BB4-FB14-4C24-BB16-2BA2FF6CAB86}.Release|x86.Build.0 = Release|Any CPU
	EndGlobalSection
	GlobalSection(SolutionProperties) = preSolution
		HideSolutionNode = FALSE
	EndGlobalSection
EndGlobal
